<?xml version="1.0" encoding="utf-8"?>
<Project ToolsVersion="4.0" xmlns="http://schemas.microsoft.com/developer/msbuild/2003">
  <ItemGroup>
    <Filter Include="源文件">
      <UniqueIdentifier>{4FC737F1-C7A5-4376-A066-2A32D752A2FF}</UniqueIdentifier>
      <Extensions>cpp;c;cc;cxx;c++;cppm;ixx;def;odl;idl;hpj;bat;asm;asmx</Extensions>
    </Filter>
    <Filter Include="头文件">
      <UniqueIdentifier>{93995380-89BD-4b04-88EB-625FBE52EBFB}</UniqueIdentifier>
      <Extensions>h;hh;hpp;hxx;h++;hm;inl;inc;ipp;xsd</Extensions>
    </Filter>
    <Filter Include="资源文件">
      <UniqueIdentifier>{67DA6AB6-F800-4c08-8B7A-83BB121AAD01}</UniqueIdentifier>
      <Extensions>rc;ico;cur;bmp;dlg;rc2;rct;bin;rgs;gif;jpg;jpeg;jpe;resx;tiff;tif;png;wav;mfcribbon-ms</Extensions>
    </Filter>
    <Filter Include="头文件\Caller">
      <UniqueIdentifier>{81d86994-0d89-4cc2-aa6f-d726a0bd0490}</UniqueIdentifier>
    </Filter>
    <Filter Include="头文件\Task">
      <UniqueIdentifier>{3b93d9f2-728c-4a22-bc13-57ce7df5806c}</UniqueIdentifier>
    </Filter>
    <Filter Include="源文件\Task">
      <UniqueIdentifier>{1ef28df7-c174-4032-bbcf-9722ae53852d}</UniqueIdentifier>
    </Filter>
    <Filter Include="源文件\Caller">
      <UniqueIdentifier>{557d6d96-11d9-46e1-b611-b2b8216abea6}</UniqueIdentifier>
    </Filter>
    <Filter Include="头文件\ImageAnalyzer">
      <UniqueIdentifier>{1a8ffc31-8eb3-4af6-9065-634de2463a3e}</UniqueIdentifier>
    </Filter>
    <Filter Include="源文件\ImageAnalyzer">
      <UniqueIdentifier>{c6a0898b-5dd7-4437-981c-00e53b30a60d}</UniqueIdentifier>
    </Filter>
    <Filter Include="头文件\Resource">
      <UniqueIdentifier>{07a812fe-6b28-4be0-b6d4-33554824d3c5}</UniqueIdentifier>
    </Filter>
    <Filter Include="源文件\Resource">
      <UniqueIdentifier>{74bd94e1-4973-412a-a17a-d8457de387af}</UniqueIdentifier>
    </Filter>
    <Filter Include="头文件\Utils">
      <UniqueIdentifier>{87c9dee5-847b-41e6-818e-387a6385ea8b}</UniqueIdentifier>
    </Filter>
    <Filter Include="源文件\ImageAnalyzer\Infrast">
      <UniqueIdentifier>{a37e0b23-e8f8-499c-adf5-9990277e9ffe}</UniqueIdentifier>
    </Filter>
    <Filter Include="源文件\ImageAnalyzer\General">
      <UniqueIdentifier>{51165426-1842-491a-b5d5-9d26c59facdd}</UniqueIdentifier>
    </Filter>
    <Filter Include="头文件\ImageAnalyzer\General">
      <UniqueIdentifier>{c600668a-0d70-4694-b1e5-6a78cffd0b1a}</UniqueIdentifier>
    </Filter>
    <Filter Include="头文件\ImageAnalyzer\Infrast">
      <UniqueIdentifier>{d173e449-880b-4064-bbab-97007e3d090b}</UniqueIdentifier>
    </Filter>
    <Filter Include="头文件\Task\Infrast">
      <UniqueIdentifier>{fc8aa302-89bb-4016-924d-10177dc8b334}</UniqueIdentifier>
    </Filter>
    <Filter Include="源文件\Task\Infrast">
      <UniqueIdentifier>{9a6160e3-cd35-4dda-ba04-23ede1878740}</UniqueIdentifier>
    </Filter>
    <Filter Include="源文件\Requester">
      <UniqueIdentifier>{a5c43813-70af-4b0e-94ac-9ddecc2e4a3c}</UniqueIdentifier>
    </Filter>
    <Filter Include="头文件\Requester">
      <UniqueIdentifier>{6cd85910-b561-4cf3-85a2-20be3cd1dd76}</UniqueIdentifier>
    </Filter>
  </ItemGroup>
  <ItemGroup>
    <ClInclude Include="Controller.h">
      <Filter>头文件</Filter>
    </ClInclude>
    <ClInclude Include="Assistant.h">
      <Filter>头文件</Filter>
    </ClInclude>
    <ClInclude Include="RecruitConfiger.h">
      <Filter>头文件\Resource</Filter>
    </ClInclude>
    <ClInclude Include="GeneralConfiger.h">
      <Filter>头文件\Resource</Filter>
    </ClInclude>
    <ClInclude Include="AsstDef.h">
      <Filter>头文件\Utils</Filter>
    </ClInclude>
    <ClInclude Include="AsstUtils.hpp">
      <Filter>头文件\Utils</Filter>
    </ClInclude>
    <ClInclude Include="Version.h">
      <Filter>头文件\Utils</Filter>
    </ClInclude>
    <ClInclude Include="Logger.hpp">
      <Filter>头文件\Utils</Filter>
    </ClInclude>
    <ClInclude Include="..\..\include\AsstCaller.h">
      <Filter>头文件\Caller</Filter>
    </ClInclude>
    <ClInclude Include="..\..\include\AsstPort.h">
      <Filter>头文件\Caller</Filter>
    </ClInclude>
    <ClInclude Include="AbstractTask.h">
      <Filter>头文件\Task</Filter>
    </ClInclude>
    <ClInclude Include="RecruitTask.h">
      <Filter>头文件\Task</Filter>
    </ClInclude>
    <ClInclude Include="ProcessTask.h">
      <Filter>头文件\Task</Filter>
    </ClInclude>
    <ClInclude Include="AsstMsg.h">
      <Filter>头文件\Utils</Filter>
    </ClInclude>
    <ClInclude Include="AbstractConfiger.h">
      <Filter>头文件\Resource</Filter>
    </ClInclude>
    <ClInclude Include="UserConfiger.h">
      <Filter>头文件\Resource</Filter>
    </ClInclude>
    <ClInclude Include="CreditShoppingTask.h">
      <Filter>头文件\Task</Filter>
    </ClInclude>
    <ClInclude Include="ItemConfiger.h">
      <Filter>头文件\Resource</Filter>
    </ClInclude>
    <ClInclude Include="ProcessTaskImageAnalyzer.h">
      <Filter>头文件\ImageAnalyzer</Filter>
    </ClInclude>
    <ClInclude Include="TemplResource.h">
      <Filter>头文件\Resource</Filter>
    </ClInclude>
    <ClInclude Include="AbstractResource.h">
      <Filter>头文件\Resource</Filter>
    </ClInclude>
    <ClInclude Include="OcrPack.h">
      <Filter>头文件\Resource</Filter>
    </ClInclude>
    <ClInclude Include="PenguinPack.h">
      <Filter>头文件\Resource</Filter>
    </ClInclude>
    <ClInclude Include="RecruitImageAnalyzer.h">
      <Filter>头文件\ImageAnalyzer</Filter>
    </ClInclude>
    <ClInclude Include="Resource.h">
      <Filter>头文件</Filter>
    </ClInclude>
    <ClInclude Include="CreditShopImageAnalyzer.h">
      <Filter>头文件\ImageAnalyzer</Filter>
    </ClInclude>
    <ClInclude Include="AbstractImageAnalyzer.h">
      <Filter>头文件\ImageAnalyzer\General</Filter>
    </ClInclude>
    <ClInclude Include="MatchImageAnalyzer.h">
      <Filter>头文件\ImageAnalyzer\General</Filter>
    </ClInclude>
    <ClInclude Include="MultiMatchImageAnalyzer.h">
      <Filter>头文件\ImageAnalyzer\General</Filter>
    </ClInclude>
    <ClInclude Include="OcrImageAnalyzer.h">
      <Filter>头文件\ImageAnalyzer\General</Filter>
    </ClInclude>
    <ClInclude Include="InfrastSmileyImageAnalyzer.h">
      <Filter>头文件\ImageAnalyzer\Infrast</Filter>
    </ClInclude>
    <ClInclude Include="InfrastConfiger.h">
      <Filter>头文件\Resource</Filter>
    </ClInclude>
    <ClInclude Include="InfrastFacilityImageAnalyzer.h">
      <Filter>头文件\ImageAnalyzer\Infrast</Filter>
    </ClInclude>
    <ClInclude Include="RuntimeStatus.h">
      <Filter>头文件</Filter>
    </ClInclude>
    <ClInclude Include="InfrastClueVacancyImageAnalyzer.h">
      <Filter>头文件\ImageAnalyzer\Infrast</Filter>
    </ClInclude>
    <ClInclude Include="InfrastAbstractTask.h">
      <Filter>头文件\Task\Infrast</Filter>
    </ClInclude>
    <ClInclude Include="InfrastDormTask.h">
      <Filter>头文件\Task\Infrast</Filter>
    </ClInclude>
    <ClInclude Include="InfrastInfoTask.h">
      <Filter>头文件\Task\Infrast</Filter>
    </ClInclude>
    <ClInclude Include="InfrastMfgTask.h">
      <Filter>头文件\Task\Infrast</Filter>
    </ClInclude>
    <ClInclude Include="InfrastOfficeTask.h">
      <Filter>头文件\Task\Infrast</Filter>
    </ClInclude>
    <ClInclude Include="InfrastPowerTask.h">
      <Filter>头文件\Task\Infrast</Filter>
    </ClInclude>
    <ClInclude Include="InfrastProductionTask.h">
      <Filter>头文件\Task\Infrast</Filter>
    </ClInclude>
    <ClInclude Include="InfrastReceptionTask.h">
      <Filter>头文件\Task\Infrast</Filter>
    </ClInclude>
    <ClInclude Include="InfrastTradeTask.h">
      <Filter>头文件\Task\Infrast</Filter>
    </ClInclude>
    <ClInclude Include="InfrastClueImageAnalyzer.h">
      <Filter>头文件\ImageAnalyzer\Infrast</Filter>
    </ClInclude>
    <ClInclude Include="AsstInfrastDef.h">
      <Filter>头文件\Utils</Filter>
    </ClInclude>
    <ClInclude Include="InfrastOperImageAnalyzer.h">
      <Filter>头文件\ImageAnalyzer\Infrast</Filter>
    </ClInclude>
    <ClInclude Include="TaskData.h">
      <Filter>头文件</Filter>
    </ClInclude>
    <ClInclude Include="AutoRecruitTask.h">
      <Filter>头文件\Task</Filter>
    </ClInclude>
    <ClInclude Include="InfrastControlTask.h">
      <Filter>头文件\Task\Infrast</Filter>
    </ClInclude>
    <ClInclude Include="PenguinUploader.h">
      <Filter>头文件\Requester</Filter>
    </ClInclude>
    <ClInclude Include="AipOcr.h">
      <Filter>头文件\Requester</Filter>
    </ClInclude>
  </ItemGroup>
  <ItemGroup>
    <ClCompile Include="Controller.cpp">
      <Filter>源文件</Filter>
    </ClCompile>
    <ClCompile Include="Assistant.cpp">
      <Filter>源文件</Filter>
    </ClCompile>
    <ClCompile Include="RecruitConfiger.cpp">
      <Filter>源文件\Resource</Filter>
    </ClCompile>
    <ClCompile Include="GeneralConfiger.cpp">
      <Filter>源文件\Resource</Filter>
    </ClCompile>
    <ClCompile Include="AbstractTask.cpp">
      <Filter>源文件\Task</Filter>
    </ClCompile>
    <ClCompile Include="RecruitTask.cpp">
      <Filter>源文件\Task</Filter>
    </ClCompile>
    <ClCompile Include="ProcessTask.cpp">
      <Filter>源文件\Task</Filter>
    </ClCompile>
    <ClCompile Include="AsstCaller.cpp">
      <Filter>源文件\Caller</Filter>
    </ClCompile>
    <ClCompile Include="AbstractConfiger.cpp">
      <Filter>源文件\Resource</Filter>
    </ClCompile>
    <ClCompile Include="UserConfiger.cpp">
      <Filter>源文件\Resource</Filter>
    </ClCompile>
    <ClCompile Include="CreditShoppingTask.cpp">
      <Filter>源文件\Task</Filter>
    </ClCompile>
    <ClCompile Include="PenguinUploader.cpp">
      <Filter>源文件\Requester</Filter>
    </ClCompile>
    <ClCompile Include="ItemConfiger.cpp">
      <Filter>源文件\Resource</Filter>
    </ClCompile>
    <ClCompile Include="ProcessTaskImageAnalyzer.cpp">
      <Filter>源文件\ImageAnalyzer</Filter>
    </ClCompile>
    <ClCompile Include="TemplResource.cpp">
      <Filter>源文件\Resource</Filter>
    </ClCompile>
    <ClCompile Include="AbstractResource.cpp">
      <Filter>源文件\Resource</Filter>
    </ClCompile>
    <ClCompile Include="OcrPack.cpp">
      <Filter>源文件\Resource</Filter>
    </ClCompile>
    <ClCompile Include="PenguinPack.cpp">
      <Filter>源文件\Resource</Filter>
    </ClCompile>
    <ClCompile Include="RecruitImageAnalyzer.cpp">
      <Filter>源文件\ImageAnalyzer</Filter>
    </ClCompile>
    <ClCompile Include="Resource.cpp">
      <Filter>源文件</Filter>
    </ClCompile>
    <ClCompile Include="CreditShopImageAnalyzer.cpp">
      <Filter>源文件\ImageAnalyzer</Filter>
    </ClCompile>
    <ClCompile Include="InfrastSmileyImageAnalyzer.cpp">
      <Filter>源文件\ImageAnalyzer\Infrast</Filter>
    </ClCompile>
    <ClCompile Include="AbstractImageAnalyzer.cpp">
      <Filter>源文件\ImageAnalyzer\General</Filter>
    </ClCompile>
    <ClCompile Include="MatchImageAnalyzer.cpp">
      <Filter>源文件\ImageAnalyzer\General</Filter>
    </ClCompile>
    <ClCompile Include="MultiMatchImageAnalyzer.cpp">
      <Filter>源文件\ImageAnalyzer\General</Filter>
    </ClCompile>
    <ClCompile Include="OcrImageAnalyzer.cpp">
      <Filter>源文件\ImageAnalyzer\General</Filter>
    </ClCompile>
    <ClCompile Include="InfrastConfiger.cpp">
      <Filter>源文件\Resource</Filter>
    </ClCompile>
    <ClCompile Include="InfrastFacilityImageAnalyzer.cpp">
      <Filter>源文件\ImageAnalyzer\Infrast</Filter>
    </ClCompile>
    <ClCompile Include="RuntimeStatus.cpp">
      <Filter>源文件</Filter>
    </ClCompile>
    <ClCompile Include="InfrastAbstractTask.cpp">
      <Filter>源文件\Task\Infrast</Filter>
    </ClCompile>
    <ClCompile Include="InfrastDormTask.cpp">
      <Filter>源文件\Task\Infrast</Filter>
    </ClCompile>
    <ClCompile Include="InfrastInfoTask.cpp">
      <Filter>源文件\Task\Infrast</Filter>
    </ClCompile>
    <ClCompile Include="InfrastMfgTask.cpp">
      <Filter>源文件\Task\Infrast</Filter>
    </ClCompile>
    <ClCompile Include="InfrastOfficeTask.cpp">
      <Filter>源文件\Task\Infrast</Filter>
    </ClCompile>
    <ClCompile Include="InfrastPowerTask.cpp">
      <Filter>源文件\Task\Infrast</Filter>
    </ClCompile>
    <ClCompile Include="InfrastProductionTask.cpp">
      <Filter>源文件\Task\Infrast</Filter>
    </ClCompile>
    <ClCompile Include="InfrastTradeTask.cpp">
      <Filter>源文件\Task\Infrast</Filter>
    </ClCompile>
    <ClCompile Include="InfrastClueVacancyImageAnalyzer.cpp">
      <Filter>源文件\ImageAnalyzer\Infrast</Filter>
    </ClCompile>
    <ClCompile Include="InfrastClueImageAnalyzer.cpp">
      <Filter>源文件\ImageAnalyzer\Infrast</Filter>
    </ClCompile>
    <ClCompile Include="InfrastReceptionTask.cpp">
      <Filter>源文件\Task\Infrast</Filter>
    </ClCompile>
    <ClCompile Include="InfrastOperImageAnalyzer.cpp">
      <Filter>源文件\ImageAnalyzer\Infrast</Filter>
    </ClCompile>
    <ClCompile Include="TaskData.cpp">
      <Filter>源文件</Filter>
    </ClCompile>
    <ClCompile Include="AutoRecruitTask.cpp">
      <Filter>源文件\Task</Filter>
    </ClCompile>
    <ClCompile Include="InfrastControlTask.cpp">
      <Filter>源文件\Task\Infrast</Filter>
    </ClCompile>
    <ClCompile Include="AipOcr.cpp">
      <Filter>源文件\Requester</Filter>
    </ClCompile>
  </ItemGroup>
  <ItemGroup>
    <None Include="..\..\resource\config.json">
      <Filter>资源文件</Filter>
    </None>
    <None Include="..\..\resource\tasks.json">
      <Filter>资源文件</Filter>
    </None>
    <None Include="..\..\resource\infrast.json">
      <Filter>资源文件</Filter>
    </None>
  </ItemGroup>
</Project>