
Microsoft Visual Studio Solution File, Format Version 12.00
# Visual Studio Version 17
VisualStudioVersion = 17.1.32414.318
MinimumVisualStudioVersion = 10.0.40219.1
Project("{2150E333-8FDC-42A3-9474-1A3956D46DE8}") = "tools", "tools", "{6C4B8D52-51D1-45F8-AAEC-808035443FD6}"
EndProject
Project("{8BC9CEB8-8B4A-11D0-8D11-00A0C91BC942}") = "TestCaller", "tools\TestCaller\TestCaller.vcxproj", "{63B4F1A2-291C-4C85-91E1-A1F6DAE30D64}"
	ProjectSection(ProjectDependencies) = postProject
		{362D1E30-F5AE-4279-9985-65C27B3BA300} = {362D1E30-F5AE-4279-9985-65C27B3BA300}
	EndProjectSection
EndProject
Project("{FAE04EC0-301F-11D3-BF4B-00C04F79EFBC}") = "MeoAsstGui", "src\MeoAsstGui\MeoAsstGui.csproj", "{FFDC8F49-8EAF-45BE-B0A8-7EF0DB9875A2}"
	ProjectSection(ProjectDependencies) = postProject
		{362D1E30-F5AE-4279-9985-65C27B3BA300} = {362D1E30-F5AE-4279-9985-65C27B3BA300}
	EndProjectSection
EndProject
Project("{8BC9CEB8-8B4A-11D0-8D11-00A0C91BC942}") = "TransparentImageCvt", "tools\TransparentImageCvt\TransparentImageCvt.vcxproj", "{093A3174-A27E-4D23-B64E-16F9448AD5AC}"
EndProject
Project("{8BC9CEB8-8B4A-11D0-8D11-00A0C91BC942}") = "MeoAssistant", "src\MeoAssistant\MeoAssistant.vcxproj", "{362D1E30-F5AE-4279-9985-65C27B3BA300}"
EndProject
Project("{2150E333-8FDC-42A3-9474-1A3956D46DE8}") = "Solution Items", "Solution Items", "{11F02235-5785-408B-9651-8A4B41FF36F4}"
	ProjectSection(SolutionItems) = preProject
		.editorconfig = .editorconfig
	EndProjectSection
EndProject
Project("{9A19103F-16F7-4668-BE54-9A1E7A4F7556}") = "MeoAssistantBuilder", "src\MeoAssistantBuilder\MeoAssistantBuilder.csproj", "{8D9036DD-75F1-4BD0-89E2-DFB37B925DA3}"
EndProject
Global
	GlobalSection(SolutionConfigurationPlatforms) = preSolution
		CICD|x64 = CICD|x64
		Debug|x64 = Debug|x64
		Release|x64 = Release|x64
		RelWithDebInfo|x64 = RelWithDebInfo|x64
	EndGlobalSection
	GlobalSection(ProjectConfigurationPlatforms) = postSolution
		{63B4F1A2-291C-4C85-91E1-A1F6DAE30D64}.CICD|x64.ActiveCfg = RelWithDebInfo|x64
		{63B4F1A2-291C-4C85-91E1-A1F6DAE30D64}.CICD|x64.Build.0 = RelWithDebInfo|x64
		{63B4F1A2-291C-4C85-91E1-A1F6DAE30D64}.Debug|x64.ActiveCfg = Release|x64
		{63B4F1A2-291C-4C85-91E1-A1F6DAE30D64}.Debug|x64.Build.0 = Release|x64
		{63B4F1A2-291C-4C85-91E1-A1F6DAE30D64}.Release|x64.ActiveCfg = Release|x64
		{63B4F1A2-291C-4C85-91E1-A1F6DAE30D64}.Release|x64.Build.0 = Release|x64
		{63B4F1A2-291C-4C85-91E1-A1F6DAE30D64}.RelWithDebInfo|x64.ActiveCfg = RelWithDebInfo|x64
		{63B4F1A2-291C-4C85-91E1-A1F6DAE30D64}.RelWithDebInfo|x64.Build.0 = RelWithDebInfo|x64
		{FFDC8F49-8EAF-45BE-B0A8-7EF0DB9875A2}.CICD|x64.ActiveCfg = CICD|x64
		{FFDC8F49-8EAF-45BE-B0A8-7EF0DB9875A2}.CICD|x64.Build.0 = CICD|x64
		{FFDC8F49-8EAF-45BE-B0A8-7EF0DB9875A2}.Debug|x64.ActiveCfg = RelWithDebInfo|x64
		{FFDC8F49-8EAF-45BE-B0A8-7EF0DB9875A2}.Debug|x64.Build.0 = RelWithDebInfo|x64
		{FFDC8F49-8EAF-45BE-B0A8-7EF0DB9875A2}.Release|x64.ActiveCfg = Release|x64
		{FFDC8F49-8EAF-45BE-B0A8-7EF0DB9875A2}.Release|x64.Build.0 = Release|x64
		{FFDC8F49-8EAF-45BE-B0A8-7EF0DB9875A2}.RelWithDebInfo|x64.ActiveCfg = RelWithDebInfo|x64
		{FFDC8F49-8EAF-45BE-B0A8-7EF0DB9875A2}.RelWithDebInfo|x64.Build.0 = RelWithDebInfo|x64
		{093A3174-A27E-4D23-B64E-16F9448AD5AC}.CICD|x64.ActiveCfg = Release|x64
		{093A3174-A27E-4D23-B64E-16F9448AD5AC}.CICD|x64.Build.0 = Release|x64
		{093A3174-A27E-4D23-B64E-16F9448AD5AC}.Debug|x64.ActiveCfg = Release|x64
		{093A3174-A27E-4D23-B64E-16F9448AD5AC}.Debug|x64.Build.0 = Release|x64
		{093A3174-A27E-4D23-B64E-16F9448AD5AC}.Release|x64.ActiveCfg = Release|x64
		{093A3174-A27E-4D23-B64E-16F9448AD5AC}.Release|x64.Build.0 = Release|x64
		{093A3174-A27E-4D23-B64E-16F9448AD5AC}.RelWithDebInfo|x64.ActiveCfg = Release|x64
		{362D1E30-F5AE-4279-9985-65C27B3BA300}.CICD|x64.ActiveCfg = CICD|x64
		{362D1E30-F5AE-4279-9985-65C27B3BA300}.CICD|x64.Build.0 = CICD|x64
		{362D1E30-F5AE-4279-9985-65C27B3BA300}.Debug|x64.ActiveCfg = Release|x64
		{362D1E30-F5AE-4279-9985-65C27B3BA300}.Debug|x64.Build.0 = Release|x64
		{362D1E30-F5AE-4279-9985-65C27B3BA300}.Release|x64.ActiveCfg = Release|x64
		{362D1E30-F5AE-4279-9985-65C27B3BA300}.Release|x64.Build.0 = Release|x64
		{362D1E30-F5AE-4279-9985-65C27B3BA300}.RelWithDebInfo|x64.ActiveCfg = RelWithDebInfo|x64
		{362D1E30-F5AE-4279-9985-65C27B3BA300}.RelWithDebInfo|x64.Build.0 = RelWithDebInfo|x64
		{8D9036DD-75F1-4BD0-89E2-DFB37B925DA3}.CICD|x64.ActiveCfg = Release|x64
		{8D9036DD-75F1-4BD0-89E2-DFB37B925DA3}.CICD|x64.Build.0 = Release|x64
		{8D9036DD-75F1-4BD0-89E2-DFB37B925DA3}.Debug|x64.ActiveCfg = Debug|x64
		{8D9036DD-75F1-4BD0-89E2-DFB37B925DA3}.Debug|x64.Build.0 = Debug|x64
		{8D9036DD-75F1-4BD0-89E2-DFB37B925DA3}.Release|x64.ActiveCfg = Release|x64
		{8D9036DD-75F1-4BD0-89E2-DFB37B925DA3}.Release|x64.Build.0 = Release|x64
		{8D9036DD-75F1-4BD0-89E2-DFB37B925DA3}.RelWithDebInfo|x64.ActiveCfg = Release|x64
	EndGlobalSection
	GlobalSection(SolutionProperties) = preSolution
		HideSolutionNode = FALSE
	EndGlobalSection
	GlobalSection(NestedProjects) = preSolution
		{63B4F1A2-291C-4C85-91E1-A1F6DAE30D64} = {6C4B8D52-51D1-45F8-AAEC-808035443FD6}
		{093A3174-A27E-4D23-B64E-16F9448AD5AC} = {6C4B8D52-51D1-45F8-AAEC-808035443FD6}
		{8D9036DD-75F1-4BD0-89E2-DFB37B925DA3} = {6C4B8D52-51D1-45F8-AAEC-808035443FD6}
	EndGlobalSection
	GlobalSection(ExtensibilityGlobals) = postSolution
		SolutionGuid = {4F2C0E4B-4FE9-47C6-A878-6BD2FAD8B9B2}
	EndGlobalSection
EndGlobal
