
Microsoft Visual Studio Solution File, Format Version 12.00
# Visual Studio Version 16
VisualStudioVersion = 16.0.30717.126
MinimumVisualStudioVersion = 10.0.40219.1
Project("{8BC9CEB8-8B4A-11D0-8D11-00A0C91BC942}") = "MeoAssistance", "MeoAssistance\MeoAssistance.vcxproj", "{362D1E30-F5AE-4279-9985-65C27B3BA300}"
	ProjectSection(ProjectDependencies) = postProject
		{9CC7838E-D5FB-4771-848D-5F83D638C5AD} = {9CC7838E-D5FB-4771-848D-5F83D638C5AD}
	EndProjectSection
EndProject
Project("{8BC9CEB8-8B4A-11D0-8D11-00A0C91BC942}") = "libmeojson", "meojson\test\vsproj\meojson\libmeojson\libmeojson.vcxproj", "{9CC7838E-D5FB-4771-848D-5F83D638C5AD}"
EndProject
Project("{8BC9CEB8-8B4A-11D0-8D11-00A0C91BC942}") = "Test", "Tools\Test\Test.vcxproj", "{36BC08F3-71CF-429A-AE69-291BE8962CB2}"
	ProjectSection(ProjectDependencies) = postProject
		{362D1E30-F5AE-4279-9985-65C27B3BA300} = {362D1E30-F5AE-4279-9985-65C27B3BA300}
		{9CC7838E-D5FB-4771-848D-5F83D638C5AD} = {9CC7838E-D5FB-4771-848D-5F83D638C5AD}
	EndProjectSection
EndProject
Global
	GlobalSection(SolutionConfigurationPlatforms) = preSolution
		Debug|x64 = Debug|x64
		Debug|x86 = Debug|x86
		Release|x64 = Release|x64
		Release|x86 = Release|x86
	EndGlobalSection
	GlobalSection(ProjectConfigurationPlatforms) = postSolution
		{362D1E30-F5AE-4279-9985-65C27B3BA300}.Debug|x64.ActiveCfg = Debug|x64
		{362D1E30-F5AE-4279-9985-65C27B3BA300}.Debug|x64.Build.0 = Debug|x64
		{362D1E30-F5AE-4279-9985-65C27B3BA300}.Debug|x86.ActiveCfg = Debug|Win32
		{362D1E30-F5AE-4279-9985-65C27B3BA300}.Debug|x86.Build.0 = Debug|Win32
		{362D1E30-F5AE-4279-9985-65C27B3BA300}.Release|x64.ActiveCfg = Release|x64
		{362D1E30-F5AE-4279-9985-65C27B3BA300}.Release|x64.Build.0 = Release|x64
		{362D1E30-F5AE-4279-9985-65C27B3BA300}.Release|x86.ActiveCfg = Release|Win32
		{362D1E30-F5AE-4279-9985-65C27B3BA300}.Release|x86.Build.0 = Release|Win32
		{9CC7838E-D5FB-4771-848D-5F83D638C5AD}.Debug|x64.ActiveCfg = Debug|x64
		{9CC7838E-D5FB-4771-848D-5F83D638C5AD}.Debug|x64.Build.0 = Debug|x64
		{9CC7838E-D5FB-4771-848D-5F83D638C5AD}.Debug|x86.ActiveCfg = Debug|Win32
		{9CC7838E-D5FB-4771-848D-5F83D638C5AD}.Debug|x86.Build.0 = Debug|Win32
		{9CC7838E-D5FB-4771-848D-5F83D638C5AD}.Release|x64.ActiveCfg = Release|x64
		{9CC7838E-D5FB-4771-848D-5F83D638C5AD}.Release|x64.Build.0 = Release|x64
		{9CC7838E-D5FB-4771-848D-5F83D638C5AD}.Release|x86.ActiveCfg = Release|Win32
		{9CC7838E-D5FB-4771-848D-5F83D638C5AD}.Release|x86.Build.0 = Release|Win32
		{36BC08F3-71CF-429A-AE69-291BE8962CB2}.Debug|x64.ActiveCfg = Debug|x64
		{36BC08F3-71CF-429A-AE69-291BE8962CB2}.Debug|x64.Build.0 = Debug|x64
		{36BC08F3-71CF-429A-AE69-291BE8962CB2}.Debug|x86.ActiveCfg = Debug|Win32
		{36BC08F3-71CF-429A-AE69-291BE8962CB2}.Debug|x86.Build.0 = Debug|Win32
		{36BC08F3-71CF-429A-AE69-291BE8962CB2}.Release|x64.ActiveCfg = Release|x64
		{36BC08F3-71CF-429A-AE69-291BE8962CB2}.Release|x64.Build.0 = Release|x64
		{36BC08F3-71CF-429A-AE69-291BE8962CB2}.Release|x86.ActiveCfg = Release|Win32
		{36BC08F3-71CF-429A-AE69-291BE8962CB2}.Release|x86.Build.0 = Release|Win32
	EndGlobalSection
	GlobalSection(SolutionProperties) = preSolution
		HideSolutionNode = FALSE
	EndGlobalSection
	GlobalSection(ExtensibilityGlobals) = postSolution
		SolutionGuid = {4F2C0E4B-4FE9-47C6-A878-6BD2FAD8B9B2}
	EndGlobalSection
EndGlobal
