
Microsoft Visual Studio Solution File, Format Version 12.00
# Visual Studio Version 16
VisualStudioVersion = 16.0.30717.126
MinimumVisualStudioVersion = 10.0.40219.1
Project("{8BC9CEB8-8B4A-11D0-8D11-00A0C91BC942}") = "MeoAssistance", "MeoAssistance\MeoAssistance.vcxproj", "{362D1E30-F5AE-4279-9985-65C27B3BA300}"
EndProject
Project("{8BC9CEB8-8B4A-11D0-8D11-00A0C91BC942}") = "Sanity", "Tools\Sanity\Sanity.vcxproj", "{36BC08F3-71CF-429A-AE69-291BE8962CB2}"
	ProjectSection(ProjectDependencies) = postProject
		{362D1E30-F5AE-4279-9985-65C27B3BA300} = {362D1E30-F5AE-4279-9985-65C27B3BA300}
	EndProjectSection
EndProject
Project("{FAE04EC0-301F-11D3-BF4B-00C04F79EFBC}") = "MeoAsstGui", "MeoAsstGui\MeoAsstGui.csproj", "{FFDC8F49-8EAF-45BE-B0A8-7EF0DB9875A2}"
	ProjectSection(ProjectDependencies) = postProject
		{362D1E30-F5AE-4279-9985-65C27B3BA300} = {362D1E30-F5AE-4279-9985-65C27B3BA300}
	EndProjectSection
EndProject
Project("{8BC9CEB8-8B4A-11D0-8D11-00A0C91BC942}") = "Screenshot", "Tools\Screenshot\Screenshot.vcxproj", "{4AC1CFFF-D7B8-4FDA-BCFD-E4754275979B}"
	ProjectSection(ProjectDependencies) = postProject
		{362D1E30-F5AE-4279-9985-65C27B3BA300} = {362D1E30-F5AE-4279-9985-65C27B3BA300}
	EndProjectSection
EndProject
Project("{2150E333-8FDC-42A3-9474-1A3956D46DE8}") = "Tools", "Tools", "{6C4B8D52-51D1-45F8-AAEC-808035443FD6}"
EndProject
Project("{8BC9CEB8-8B4A-11D0-8D11-00A0C91BC942}") = "TestOCR", "Tools\TestOCR\TestOCR.vcxproj", "{4FD37A7B-BBE0-4703-8CBC-7029F4CF98ED}"
	ProjectSection(ProjectDependencies) = postProject
		{362D1E30-F5AE-4279-9985-65C27B3BA300} = {362D1E30-F5AE-4279-9985-65C27B3BA300}
	EndProjectSection
EndProject
Global
	GlobalSection(SolutionConfigurationPlatforms) = preSolution
		Debug|Any CPU = Debug|Any CPU
		Debug|x64 = Debug|x64
		Debug|x86 = Debug|x86
		Release|Any CPU = Release|Any CPU
		Release|x64 = Release|x64
		Release|x86 = Release|x86
	EndGlobalSection
	GlobalSection(ProjectConfigurationPlatforms) = postSolution
		{362D1E30-F5AE-4279-9985-65C27B3BA300}.Debug|Any CPU.ActiveCfg = Debug|Win32
		{362D1E30-F5AE-4279-9985-65C27B3BA300}.Debug|x64.ActiveCfg = Debug|x64
		{362D1E30-F5AE-4279-9985-65C27B3BA300}.Debug|x64.Build.0 = Debug|x64
		{362D1E30-F5AE-4279-9985-65C27B3BA300}.Debug|x86.ActiveCfg = Debug|Win32
		{362D1E30-F5AE-4279-9985-65C27B3BA300}.Debug|x86.Build.0 = Debug|Win32
		{362D1E30-F5AE-4279-9985-65C27B3BA300}.Release|Any CPU.ActiveCfg = Release|Win32
		{362D1E30-F5AE-4279-9985-65C27B3BA300}.Release|x64.ActiveCfg = Release|x64
		{362D1E30-F5AE-4279-9985-65C27B3BA300}.Release|x64.Build.0 = Release|x64
		{362D1E30-F5AE-4279-9985-65C27B3BA300}.Release|x86.ActiveCfg = Release|Win32
		{362D1E30-F5AE-4279-9985-65C27B3BA300}.Release|x86.Build.0 = Release|Win32
		{36BC08F3-71CF-429A-AE69-291BE8962CB2}.Debug|Any CPU.ActiveCfg = Debug|Win32
		{36BC08F3-71CF-429A-AE69-291BE8962CB2}.Debug|x64.ActiveCfg = Debug|x64
		{36BC08F3-71CF-429A-AE69-291BE8962CB2}.Debug|x64.Build.0 = Debug|x64
		{36BC08F3-71CF-429A-AE69-291BE8962CB2}.Debug|x86.ActiveCfg = Debug|Win32
		{36BC08F3-71CF-429A-AE69-291BE8962CB2}.Debug|x86.Build.0 = Debug|Win32
		{36BC08F3-71CF-429A-AE69-291BE8962CB2}.Release|Any CPU.ActiveCfg = Release|Win32
		{36BC08F3-71CF-429A-AE69-291BE8962CB2}.Release|x64.ActiveCfg = Release|x64
		{36BC08F3-71CF-429A-AE69-291BE8962CB2}.Release|x64.Build.0 = Release|x64
		{36BC08F3-71CF-429A-AE69-291BE8962CB2}.Release|x86.ActiveCfg = Release|Win32
		{36BC08F3-71CF-429A-AE69-291BE8962CB2}.Release|x86.Build.0 = Release|Win32
		{FFDC8F49-8EAF-45BE-B0A8-7EF0DB9875A2}.Debug|Any CPU.ActiveCfg = Debug|Any CPU
		{FFDC8F49-8EAF-45BE-B0A8-7EF0DB9875A2}.Debug|Any CPU.Build.0 = Debug|Any CPU
		{FFDC8F49-8EAF-45BE-B0A8-7EF0DB9875A2}.Debug|x64.ActiveCfg = Debug|Any CPU
		{FFDC8F49-8EAF-45BE-B0A8-7EF0DB9875A2}.Debug|x64.Build.0 = Debug|Any CPU
		{FFDC8F49-8EAF-45BE-B0A8-7EF0DB9875A2}.Debug|x86.ActiveCfg = Debug|Any CPU
		{FFDC8F49-8EAF-45BE-B0A8-7EF0DB9875A2}.Debug|x86.Build.0 = Debug|Any CPU
		{FFDC8F49-8EAF-45BE-B0A8-7EF0DB9875A2}.Release|Any CPU.ActiveCfg = Release|Any CPU
		{FFDC8F49-8EAF-45BE-B0A8-7EF0DB9875A2}.Release|Any CPU.Build.0 = Release|Any CPU
		{FFDC8F49-8EAF-45BE-B0A8-7EF0DB9875A2}.Release|x64.ActiveCfg = Release|Any CPU
		{FFDC8F49-8EAF-45BE-B0A8-7EF0DB9875A2}.Release|x64.Build.0 = Release|Any CPU
		{FFDC8F49-8EAF-45BE-B0A8-7EF0DB9875A2}.Release|x86.ActiveCfg = Release|Any CPU
		{FFDC8F49-8EAF-45BE-B0A8-7EF0DB9875A2}.Release|x86.Build.0 = Release|Any CPU
		{4AC1CFFF-D7B8-4FDA-BCFD-E4754275979B}.Debug|Any CPU.ActiveCfg = Debug|Win32
		{4AC1CFFF-D7B8-4FDA-BCFD-E4754275979B}.Debug|x64.ActiveCfg = Debug|x64
		{4AC1CFFF-D7B8-4FDA-BCFD-E4754275979B}.Debug|x64.Build.0 = Debug|x64
		{4AC1CFFF-D7B8-4FDA-BCFD-E4754275979B}.Debug|x86.ActiveCfg = Debug|Win32
		{4AC1CFFF-D7B8-4FDA-BCFD-E4754275979B}.Debug|x86.Build.0 = Debug|Win32
		{4AC1CFFF-D7B8-4FDA-BCFD-E4754275979B}.Release|Any CPU.ActiveCfg = Release|Win32
		{4AC1CFFF-D7B8-4FDA-BCFD-E4754275979B}.Release|x64.ActiveCfg = Release|x64
		{4AC1CFFF-D7B8-4FDA-BCFD-E4754275979B}.Release|x64.Build.0 = Release|x64
		{4AC1CFFF-D7B8-4FDA-BCFD-E4754275979B}.Release|x86.ActiveCfg = Release|Win32
		{4AC1CFFF-D7B8-4FDA-BCFD-E4754275979B}.Release|x86.Build.0 = Release|Win32
		{4FD37A7B-BBE0-4703-8CBC-7029F4CF98ED}.Debug|Any CPU.ActiveCfg = Debug|Win32
		{4FD37A7B-BBE0-4703-8CBC-7029F4CF98ED}.Debug|x64.ActiveCfg = Debug|x64
		{4FD37A7B-BBE0-4703-8CBC-7029F4CF98ED}.Debug|x64.Build.0 = Debug|x64
		{4FD37A7B-BBE0-4703-8CBC-7029F4CF98ED}.Debug|x86.ActiveCfg = Debug|Win32
		{4FD37A7B-BBE0-4703-8CBC-7029F4CF98ED}.Debug|x86.Build.0 = Debug|Win32
		{4FD37A7B-BBE0-4703-8CBC-7029F4CF98ED}.Release|Any CPU.ActiveCfg = Release|Win32
		{4FD37A7B-BBE0-4703-8CBC-7029F4CF98ED}.Release|x64.ActiveCfg = Release|x64
		{4FD37A7B-BBE0-4703-8CBC-7029F4CF98ED}.Release|x64.Build.0 = Release|x64
		{4FD37A7B-BBE0-4703-8CBC-7029F4CF98ED}.Release|x86.ActiveCfg = Release|Win32
		{4FD37A7B-BBE0-4703-8CBC-7029F4CF98ED}.Release|x86.Build.0 = Release|Win32
	EndGlobalSection
	GlobalSection(SolutionProperties) = preSolution
		HideSolutionNode = FALSE
	EndGlobalSection
	GlobalSection(NestedProjects) = preSolution
		{36BC08F3-71CF-429A-AE69-291BE8962CB2} = {6C4B8D52-51D1-45F8-AAEC-808035443FD6}
		{4AC1CFFF-D7B8-4FDA-BCFD-E4754275979B} = {6C4B8D52-51D1-45F8-AAEC-808035443FD6}
		{4FD37A7B-BBE0-4703-8CBC-7029F4CF98ED} = {6C4B8D52-51D1-45F8-AAEC-808035443FD6}
	EndGlobalSection
	GlobalSection(ExtensibilityGlobals) = postSolution
		SolutionGuid = {4F2C0E4B-4FE9-47C6-A878-6BD2FAD8B9B2}
	EndGlobalSection
EndGlobal
