
Microsoft Visual Studio Solution File, Format Version 12.00
# Visual Studio Version 17
VisualStudioVersion = 17.5.33530.505
MinimumVisualStudioVersion = 10.0.40219.1
Project("{8BC9CEB8-8B4A-11D0-8D11-00A0C91BC942}") = "ResourceUpdater", "ResourceUpdater.vcxproj", "{C9EA2837-0A4B-488F-A289-643B9D0BFCEB}"
EndProject
Global
	GlobalSection(SolutionConfigurationPlatforms) = preSolution
		Debug|ARM64 = Debug|ARM64
		Debug|x64 = Debug|x64
		Release|ARM64 = Release|ARM64
		Release|x64 = Release|x64
	EndGlobalSection
	GlobalSection(ProjectConfigurationPlatforms) = postSolution
		{C9EA2837-0A4B-488F-A289-643B9D0BFCEB}.Debug|ARM64.ActiveCfg = Debug|ARM64
		{C9EA2837-0A4B-488F-A289-643B9D0BFCEB}.Debug|ARM64.Build.0 = Debug|ARM64
		{C9EA2837-0A4B-488F-A289-643B9D0BFCEB}.Debug|x64.ActiveCfg = Debug|x64
		{C9EA2837-0A4B-488F-A289-643B9D0BFCEB}.Debug|x64.Build.0 = Debug|x64
		{C9EA2837-0A4B-488F-A289-643B9D0BFCEB}.Release|ARM64.ActiveCfg = Release|ARM64
		{C9EA2837-0A4B-488F-A289-643B9D0BFCEB}.Release|ARM64.Build.0 = Release|ARM64
		{C9EA2837-0A4B-488F-A289-643B9D0BFCEB}.Release|x64.ActiveCfg = Release|x64
		{C9EA2837-0A4B-488F-A289-643B9D0BFCEB}.Release|x64.Build.0 = Release|x64
	EndGlobalSection
	GlobalSection(SolutionProperties) = preSolution
		HideSolutionNode = FALSE
	EndGlobalSection
	GlobalSection(ExtensibilityGlobals) = postSolution
		SolutionGuid = {EE6B1D07-0BBE-4694-A199-3AFE98F2F1F4}
	EndGlobalSection
EndGlobal
