
Microsoft Visual Studio Solution File, Format Version 12.00
# Visual Studio Version 17
VisualStudioVersion = 17.2.32505.173
MinimumVisualStudioVersion = 10.0.40219.1
Project("{9A19103F-16F7-4668-BE54-9A1E7A4F7556}") = "MaaBuilder", "MaaBuilder\MaaBuilder.csproj", "{C62E485E-4851-42F9-A4D4-B098B1135E5E}"
EndProject
Global
	GlobalSection(SolutionConfigurationPlatforms) = preSolution
		Debug|Any CPU = Debug|Any CPU
		Release|Any CPU = Release|Any CPU
	EndGlobalSection
	GlobalSection(ProjectConfigurationPlatforms) = postSolution
		{C62E485E-4851-42F9-A4D4-B098B1135E5E}.Debug|Any CPU.ActiveCfg = Debug|Any CPU
		{C62E485E-4851-42F9-A4D4-B098B1135E5E}.Release|Any CPU.ActiveCfg = Release|Any CPU
		{C62E485E-4851-42F9-A4D4-B098B1135E5E}.Debug|Any CPU.Build.0 = Debug|Any CPU
	EndGlobalSection
	GlobalSection(SolutionProperties) = preSolution
		HideSolutionNode = FALSE
	EndGlobalSection
	GlobalSection(ExtensibilityGlobals) = postSolution
		SolutionGuid = {DE56D63D-A051-4FA1-9F1F-95FBF1002B70}
	EndGlobalSection
EndGlobal
