<?xml version="1.0" encoding="utf-8"?>
<Project ToolsVersion="4.0" xmlns="http://schemas.microsoft.com/developer/msbuild/2003">
  <ItemGroup>
    <Filter Include="源文件">
      <UniqueIdentifier>{4FC737F1-C7A5-4376-A066-2A32D752A2FF}</UniqueIdentifier>
      <Extensions>cpp;c;cc;cxx;c++;cppm;ixx;def;odl;idl;hpj;bat;asm;asmx</Extensions>
    </Filter>
    <Filter Include="头文件">
      <UniqueIdentifier>{93995380-89BD-4b04-88EB-625FBE52EBFB}</UniqueIdentifier>
      <Extensions>h;hh;hpp;hxx;h++;hm;inl;inc;ipp;xsd</Extensions>
    </Filter>
    <Filter Include="资源文件">
      <UniqueIdentifier>{67DA6AB6-F800-4c08-8B7A-83BB121AAD01}</UniqueIdentifier>
      <Extensions>rc;ico;cur;bmp;dlg;rc2;rct;bin;rgs;gif;jpg;jpeg;jpe;resx;tiff;tif;png;wav;mfcribbon-ms</Extensions>
    </Filter>
    <Filter Include="头文件\Caller">
      <UniqueIdentifier>{81d86994-0d89-4cc2-aa6f-d726a0bd0490}</UniqueIdentifier>
    </Filter>
    <Filter Include="头文件\Configer">
      <UniqueIdentifier>{07a812fe-6b28-4be0-b6d4-33554824d3c5}</UniqueIdentifier>
    </Filter>
    <Filter Include="源文件\Configer">
      <UniqueIdentifier>{74bd94e1-4973-412a-a17a-d8457de387af}</UniqueIdentifier>
    </Filter>
    <Filter Include="头文件\Aux">
      <UniqueIdentifier>{87c9dee5-847b-41e6-818e-387a6385ea8b}</UniqueIdentifier>
    </Filter>
    <Filter Include="头文件\Task">
      <UniqueIdentifier>{3b93d9f2-728c-4a22-bc13-57ce7df5806c}</UniqueIdentifier>
    </Filter>
    <Filter Include="源文件\Task">
      <UniqueIdentifier>{1ef28df7-c174-4032-bbcf-9722ae53852d}</UniqueIdentifier>
    </Filter>
    <Filter Include="源文件\Caller">
      <UniqueIdentifier>{557d6d96-11d9-46e1-b611-b2b8216abea6}</UniqueIdentifier>
    </Filter>
    <Filter Include="源文件\Updater">
      <UniqueIdentifier>{08846a78-d9cf-4d06-aecc-e983ef5c7c83}</UniqueIdentifier>
    </Filter>
    <Filter Include="头文件\Updater">
      <UniqueIdentifier>{b39a4ef9-28ad-4173-bc52-68221b765396}</UniqueIdentifier>
    </Filter>
  </ItemGroup>
  <ItemGroup>
    <ClInclude Include="Identify.h">
      <Filter>头文件</Filter>
    </ClInclude>
    <ClInclude Include="WinMacro.h">
      <Filter>头文件</Filter>
    </ClInclude>
    <ClInclude Include="Assistance.h">
      <Filter>头文件</Filter>
    </ClInclude>
    <ClInclude Include="InfrastConfiger.h">
      <Filter>头文件\Configer</Filter>
    </ClInclude>
    <ClInclude Include="RecruitConfiger.h">
      <Filter>头文件\Configer</Filter>
    </ClInclude>
    <ClInclude Include="Configer.h">
      <Filter>头文件\Configer</Filter>
    </ClInclude>
    <ClInclude Include="AsstDef.h">
      <Filter>头文件\Aux</Filter>
    </ClInclude>
    <ClInclude Include="AsstAux.h">
      <Filter>头文件\Aux</Filter>
    </ClInclude>
    <ClInclude Include="Version.h">
      <Filter>头文件\Aux</Filter>
    </ClInclude>
    <ClInclude Include="Logger.hpp">
      <Filter>头文件\Aux</Filter>
    </ClInclude>
    <ClInclude Include="..\include\AsstCaller.h">
      <Filter>头文件\Caller</Filter>
    </ClInclude>
    <ClInclude Include="..\include\AsstPort.h">
      <Filter>头文件\Caller</Filter>
    </ClInclude>
    <ClInclude Include="AbstractTask.h">
      <Filter>头文件\Task</Filter>
    </ClInclude>
    <ClInclude Include="ClickTask.h">
      <Filter>头文件\Task</Filter>
    </ClInclude>
    <ClInclude Include="InfrastStationTask.h">
      <Filter>头文件\Task</Filter>
    </ClInclude>
    <ClInclude Include="OcrAbstractTask.h">
      <Filter>头文件\Task</Filter>
    </ClInclude>
    <ClInclude Include="OpenRecruitTask.h">
      <Filter>头文件\Task</Filter>
    </ClInclude>
    <ClInclude Include="ProcessTask.h">
      <Filter>头文件\Task</Filter>
    </ClInclude>
    <ClInclude Include="TestOcrTask.h">
      <Filter>头文件\Task</Filter>
    </ClInclude>
    <ClInclude Include="AsstMsg.h">
      <Filter>头文件\Aux</Filter>
    </ClInclude>
    <ClInclude Include="Task.h">
      <Filter>头文件\Task</Filter>
    </ClInclude>
    <ClInclude Include="Updater.h">
      <Filter>头文件\Updater</Filter>
    </ClInclude>
    <ClInclude Include="IdentifyOperTask.h">
      <Filter>头文件\Task</Filter>
    </ClInclude>
    <ClInclude Include="SwipeTask.h">
      <Filter>头文件\Task</Filter>
    </ClInclude>
  </ItemGroup>
  <ItemGroup>
    <ClCompile Include="WinMacro.cpp">
      <Filter>源文件</Filter>
    </ClCompile>
    <ClCompile Include="Assistance.cpp">
      <Filter>源文件</Filter>
    </ClCompile>
    <ClCompile Include="InfrastConfiger.cpp">
      <Filter>源文件\Configer</Filter>
    </ClCompile>
    <ClCompile Include="Identify.cpp">
      <Filter>源文件</Filter>
    </ClCompile>
    <ClCompile Include="RecruitConfiger.cpp">
      <Filter>源文件\Configer</Filter>
    </ClCompile>
    <ClCompile Include="Configer.cpp">
      <Filter>源文件\Configer</Filter>
    </ClCompile>
    <ClCompile Include="AbstractTask.cpp">
      <Filter>源文件\Task</Filter>
    </ClCompile>
    <ClCompile Include="ClickTask.cpp">
      <Filter>源文件\Task</Filter>
    </ClCompile>
    <ClCompile Include="InfrastStationTask.cpp">
      <Filter>源文件\Task</Filter>
    </ClCompile>
    <ClCompile Include="OcrAbstractTask.cpp">
      <Filter>源文件\Task</Filter>
    </ClCompile>
    <ClCompile Include="OpenRecruitTask.cpp">
      <Filter>源文件\Task</Filter>
    </ClCompile>
    <ClCompile Include="ProcessTask.cpp">
      <Filter>源文件\Task</Filter>
    </ClCompile>
    <ClCompile Include="TestOcrTask.cpp">
      <Filter>源文件\Task</Filter>
    </ClCompile>
    <ClCompile Include="AsstCaller.cpp">
      <Filter>源文件\Caller</Filter>
    </ClCompile>
    <ClCompile Include="Updater.cpp">
      <Filter>源文件\Updater</Filter>
    </ClCompile>
    <ClCompile Include="IdentifyOperTask.cpp">
      <Filter>源文件\Task</Filter>
    </ClCompile>
    <ClCompile Include="SwipeTask.cpp">
      <Filter>源文件\Task</Filter>
    </ClCompile>
  </ItemGroup>
  <ItemGroup>
    <None Include="..\resource\config.json">
      <Filter>资源文件</Filter>
    </None>
    <None Include="..\resource\recruit.json">
      <Filter>资源文件</Filter>
    </None>
    <None Include="..\resource\infrast.json">
      <Filter>资源文件</Filter>
    </None>
  </ItemGroup>
</Project>